
Microsoft Visual Studio Solution File, Format Version 12.00
# Visual Studio 15
VisualStudioVersion = 15.0.27703.2042
MinimumVisualStudioVersion = 10.0.40219.1
Project("{FAE04EC0-301F-11D3-BF4B-00C04F79EFBC}") = "Server", "Server\Server.csproj", "{2617C20F-FE81-4B2D-AD87-DC55C4803D45}"
EndProject
Global
	GlobalSection(SolutionConfigurationPlatforms) = preSolution
		Debug|Any CPU = Debug|Any CPU
		Release|Any CPU = Release|Any CPU
	EndGlobalSection
	GlobalSection(ProjectConfigurationPlatforms) = postSolution
		{2617C20F-FE81-4B2D-AD87-DC55C4803D45}.Debug|Any CPU.ActiveCfg = Debug|Any CPU
		{2617C20F-FE81-4B2D-AD87-DC55C4803D45}.Debug|Any CPU.Build.0 = Debug|Any CPU
		{2617C20F-FE81-4B2D-AD87-DC55C4803D45}.Release|Any CPU.ActiveCfg = Release|Any CPU
		{2617C20F-FE81-4B2D-AD87-DC55C4803D45}.Release|Any CPU.Build.0 = Release|Any CPU
	EndGlobalSection
	GlobalSection(SolutionProperties) = preSolution
		HideSolutionNode = FALSE
	EndGlobalSection
	GlobalSection(ExtensibilityGlobals) = postSolution
		SolutionGuid = {F36C5FE9-08C4-420D-8139-8B1DB85C1DD3}
	EndGlobalSection
EndGlobal
